
Microsoft Visual Studio Solution File, Format Version 12.00
# Visual Studio Version 17
VisualStudioVersion = 17.7.34031.279
MinimumVisualStudioVersion = 10.0.40219.1
Project("{FAE04EC0-301F-11D3-BF4B-00C04F79EFBC}") = "Programming assignment 4", "Programming assignment 4.csproj", "{C8B6E3D7-53DB-4483-B06E-BB5AE755F4FE}"
EndProject
Global
	GlobalSection(SolutionConfigurationPlatforms) = preSolution
		Debug|Any CPU = Debug|Any CPU
		Release|Any CPU = Release|Any CPU
	EndGlobalSection
	GlobalSection(ProjectConfigurationPlatforms) = postSolution
		{C8B6E3D7-53DB-4483-B06E-BB5AE755F4FE}.Debug|Any CPU.ActiveCfg = Debug|Any CPU
		{C8B6E3D7-53DB-4483-B06E-BB5AE755F4FE}.Debug|Any CPU.Build.0 = Debug|Any CPU
		{C8B6E3D7-53DB-4483-B06E-BB5AE755F4FE}.Release|Any CPU.ActiveCfg = Release|Any CPU
		{C8B6E3D7-53DB-4483-B06E-BB5AE755F4FE}.Release|Any CPU.Build.0 = Release|Any CPU
	EndGlobalSection
	GlobalSection(SolutionProperties) = preSolution
		HideSolutionNode = FALSE
	EndGlobalSection
	GlobalSection(ExtensibilityGlobals) = postSolution
		SolutionGuid = {EA90A509-6789-4717-98A0-561D8D3CC2E0}
	EndGlobalSection
EndGlobal
